{
  "name": "requiredir-practice",
  "version": "1.0.0",
  "lockfileVersion": 2,
  "requires": true,
  "packages": {
    "": {
      "name": "requiredir-practice",
      "version": "1.0.0",
      "license": "MIT",
      "dependencies": {
        "requiredir": "^1.0.7"
      },
      "engines": {
        "node": ">= v14.0"
      }
    },
    "node_modules/requiredir": {
      "version": "1.0.7",
      "resolved": "https://registry.npmmirror.com/requiredir/-/requiredir-1.0.7.tgz",
      "integrity": "sha512-uOFiLk9ckfTo+L9SBChXGF26uf5juCC0R6nm/UgfJdooXV6P5IpTvd4VYPAb0oTbyJxpRw0FG6MJnVdRxnjM/Q==",
      "engines": {
        "node": ">= 0.6"
      }
    }
  },
  "dependencies": {
    "requiredir": {
      "version": "1.0.7",
      "resolved": "https://registry.npmmirror.com/requiredir/-/requiredir-1.0.7.tgz",
      "integrity": "sha512-uOFiLk9ckfTo+L9SBChXGF26uf5juCC0R6nm/UgfJdooXV6P5IpTvd4VYPAb0oTbyJxpRw0FG6MJnVdRxnjM/Q=="
    }
  }
}
